<Solution>
  <Folder Name="/src/" />
  <Folder Name="/src/API/">
    <Project Path="src/API/connectasys_api.API.csproj" />
  </Folder>
  <Folder Name="/src/Core/">
    <Project Path="src/Core/connectasys_api.Core.csproj" />
  </Folder>
  <Folder Name="/src/Infrastructure/">
    <Project Path="src/Infrastructure/connectasys_api.Infrastructure.csproj" />
  </Folder>
</Solution>
